
Microsoft Visual Studio Solution File, Format Version 12.00
# Visual Studio Version 16
VisualStudioVersion = 16.0.30320.27
MinimumVisualStudioVersion = 10.0.40219.1
Project("{FAE04EC0-301F-11D3-BF4B-00C04F79EFBC}") = "TestWeb", "TestWeb\TestWeb.csproj", "{DCE34949-6F63-449C-BC19-D00C9C0A3F3B}"
EndProject
Global
	GlobalSection(SolutionConfigurationPlatforms) = preSolution
		Debug|Any CPU = Debug|Any CPU
		Release|Any CPU = Release|Any CPU
	EndGlobalSection
	GlobalSection(ProjectConfigurationPlatforms) = postSolution
		{DCE34949-6F63-449C-BC19-D00C9C0A3F3B}.Debug|Any CPU.ActiveCfg = Debug|Any CPU
		{DCE34949-6F63-449C-BC19-D00C9C0A3F3B}.Debug|Any CPU.Build.0 = Debug|Any CPU
		{DCE34949-6F63-449C-BC19-D00C9C0A3F3B}.Release|Any CPU.ActiveCfg = Release|Any CPU
		{DCE34949-6F63-449C-BC19-D00C9C0A3F3B}.Release|Any CPU.Build.0 = Release|Any CPU
	EndGlobalSection
	GlobalSection(SolutionProperties) = preSolution
		HideSolutionNode = FALSE
	EndGlobalSection
	GlobalSection(ExtensibilityGlobals) = postSolution
		SolutionGuid = {EBB1B785-067E-4B0E-AEA3-E3EAA356F059}
	EndGlobalSection
EndGlobal
